// !$*UTF8*$!
{
	archiveVersion = 1;
	classes = {
	};
	objectVersion = 46;
	objects = {

/* Begin PBXBuildFile section */
		4ED2BD7D1CD088EF001577B2 /* main.m in Sources */ = {isa = PBXBuildFile; fileRef = 4ED2BD7C1CD088EF001577B2 /* main.m */; };
		4ED2BD801CD088EF001577B2 /* AppDelegate.m in Sources */ = {isa = PBXBuildFile; fileRef = 4ED2BD7F1CD088EF001577B2 /* AppDelegate.m */; };
		4ED2BD861CD088EF001577B2 /* Main.storyboard in Resources */ = {isa = PBXBuildFile; fileRef = 4ED2BD841CD088EF001577B2 /* Main.storyboard */; };
		4ED2BD881CD088EF001577B2 /* Images.xcassets in Resources */ = {isa = PBXBuildFile; fileRef = 4ED2BD871CD088EF001577B2 /* Images.xcassets */; };
		4ED2BD8B1CD088EF001577B2 /* LaunchScreen.xib in Resources */ = {isa = PBXBuildFile; fileRef = 4ED2BD891CD088EF001577B2 /* LaunchScreen.xib */; };
		4ED2BD971CD088F0001577B2 /* _22Tests.m in Sources */ = {isa = PBXBuildFile; fileRef = 4ED2BD961CD088F0001577B2 /* _22Tests.m */; };
		4ED2BDA21CD089B2001577B2 /* ViewController.m in Sources */ = {isa = PBXBuildFile; fileRef = 4ED2BDA11CD089B2001577B2 /* ViewController.m */; };
		4ED2BDA51CD089BB001577B2 /* wwwwViewController.m in Sources */ = {isa = PBXBuildFile; fileRef = 4ED2BDA41CD089BB001577B2 /* wwwwViewController.m */; };
/* End PBXBuildFile section */

/* Begin PBXContainerItemProxy section */
		4ED2BD911CD088F0001577B2 /* PBXContainerItemProxy */ = {
			isa = PBXContainerItemProxy;
			containerPortal = 4ED2BD6F1CD088EF001577B2 /* Project object */;
			proxyType = 1;
			remoteGlobalIDString = 4ED2BD761CD088EF001577B2;
			remoteInfo = 222;
		};
/* End PBXContainerItemProxy section */

/* Begin PBXFileReference section */
		4ED2BD771CD088EF001577B2 /* 222.app */ = {isa = PBXFileReference; explicitFileType = wrapper.application; includeInIndex = 0; path = 222.app; sourceTree = BUILT_PRODUCTS_DIR; };
		4ED2BD7B1CD088EF001577B2 /* Info.plist */ = {isa = PBXFileReference; lastKnownFileType = text.plist.xml; path = Info.plist; sourceTree = "<group>"; };
		4ED2BD7C1CD088EF001577B2 /* main.m */ = {isa = PBXFileReference; lastKnownFileType = sourcecode.c.objc; path = main.m; sourceTree = "<group>"; };
		4ED2BD7E1CD088EF001577B2 /* AppDelegate.h */ = {isa = PBXFileReference; lastKnownFileType = sourcecode.c.h; path = AppDelegate.h; sourceTree = "<group>"; };
		4ED2BD7F1CD088EF001577B2 /* AppDelegate.m */ = {isa = PBXFileReference; lastKnownFileType = sourcecode.c.objc; path = AppDelegate.m; sourceTree = "<group>"; };
		4ED2BD851CD088EF001577B2 /* Base */ = {isa = PBXFileReference; lastKnownFileType = file.storyboard; name = Base; path = Base.lproj/Main.storyboard; sourceTree = "<group>"; };
		4ED2BD871CD088EF001577B2 /* Images.xcassets */ = {isa = PBXFileReference; lastKnownFileType = folder.assetcatalog; path = Images.xcassets; sourceTree = "<group>"; };
		4ED2BD8A1CD088EF001577B2 /* Base */ = {isa = PBXFileReference; lastKnownFileType = file.xib; name = Base; path = Base.lproj/LaunchScreen.xib; sourceTree = "<group>"; };
		4ED2BD901CD088F0001577B2 /* 222Tests.xctest */ = {isa = PBXFileReference; explicitFileType = wrapper.cfbundle; includeInIndex = 0; path = 222Tests.xctest; sourceTree = BUILT_PRODUCTS_DIR; };
		4ED2BD951CD088F0001577B2 /* Info.plist */ = {isa = PBXFileReference; lastKnownFileType = text.plist.xml; path = Info.plist; sourceTree = "<group>"; };
		4ED2BD961CD088F0001577B2 /* _22Tests.m */ = {isa = PBXFileReference; lastKnownFileType = sourcecode.c.objc; path = _22Tests.m; sourceTree = "<group>"; };
		4ED2BDA01CD089B2001577B2 /* ViewController.h */ = {isa = PBXFileReference; fileEncoding = 4; lastKnownFileType = sourcecode.c.h; path = ViewController.h; sourceTree = "<group>"; };
		4ED2BDA11CD089B2001577B2 /* ViewController.m */ = {isa = PBXFileReference; fileEncoding = 4; lastKnownFileType = sourcecode.c.objc; path = ViewController.m; sourceTree = "<group>"; };
		4ED2BDA31CD089BB001577B2 /* wwwwViewController.h */ = {isa = PBXFileReference; fileEncoding = 4; lastKnownFileType = sourcecode.c.h; path = wwwwViewController.h; sourceTree = "<group>"; };
		4ED2BDA41CD089BB001577B2 /* wwwwViewController.m */ = {isa = PBXFileReference; fileEncoding = 4; lastKnownFileType = sourcecode.c.objc; path = wwwwViewController.m; sourceTree = "<group>"; };
/* End PBXFileReference section */

/* Begin PBXFrameworksBuildPhase section */
		4ED2BD741CD088EF001577B2 /* Frameworks */ = {
			isa = PBXFrameworksBuildPhase;
			buildActionMask = 2147483647;
			files = (
			);
			runOnlyForDeploymentPostprocessing = 0;
		};
		4ED2BD8D1CD088F0001577B2 /* Frameworks */ = {
			isa = PBXFrameworksBuildPhase;
			buildActionMask = 2147483647;
			files = (
			);
			runOnlyForDeploymentPostprocessing = 0;
		};
/* End PBXFrameworksBuildPhase section */

/* Begin PBXGroup section */
		4ED2BD6E1CD088EF001577B2 = {
			isa = PBXGroup;
			children = (
				4ED2BDA31CD089BB001577B2 /* wwwwViewController.h */,
				4ED2BDA41CD089BB001577B2 /* wwwwViewController.m */,
				4ED2BD791CD088EF001577B2 /* 222 */,
				4ED2BD931CD088F0001577B2 /* 222Tests */,
				4ED2BD781CD088EF001577B2 /* Products */,
			);
			sourceTree = "<group>";
		};
		4ED2BD781CD088EF001577B2 /* Products */ = {
			isa = PBXGroup;
			children = (
				4ED2BD771CD088EF001577B2 /* 222.app */,
				4ED2BD901CD088F0001577B2 /* 222Tests.xctest */,
			);
			name = Products;
			sourceTree = "<group>";
		};
		4ED2BD791CD088EF001577B2 /* 222 */ = {
			isa = PBXGroup;
			children = (
				4ED2BD7E1CD088EF001577B2 /* AppDelegate.h */,
				4ED2BD7F1CD088EF001577B2 /* AppDelegate.m */,
				4ED2BD841CD088EF001577B2 /* Main.storyboard */,
				4ED2BD871CD088EF001577B2 /* Images.xcassets */,
				4ED2BD891CD088EF001577B2 /* LaunchScreen.xib */,
				4ED2BD7A1CD088EF001577B2 /* Supporting Files */,
				4ED2BDA01CD089B2001577B2 /* ViewController.h */,
				4ED2BDA11CD089B2001577B2 /* ViewController.m */,
			);
			path = 222;
			sourceTree = "<group>";
		};
		4ED2BD7A1CD088EF001577B2 /* Supporting Files */ = {
			isa = PBXGroup;
			children = (
				4ED2BD7B1CD088EF001577B2 /* Info.plist */,
				4ED2BD7C1CD088EF001577B2 /* main.m */,
			);
			name = "Supporting Files";
			sourceTree = "<group>";
		};
		4ED2BD931CD088F0001577B2 /* 222Tests */ = {
			isa = PBXGroup;
			children = (
				4ED2BD961CD088F0001577B2 /* _22Tests.m */,
				4ED2BD941CD088F0001577B2 /* Supporting Files */,
			);
			path = 222Tests;
			sourceTree = "<group>";
		};
		4ED2BD941CD088F0001577B2 /* Supporting Files */ = {
			isa = PBXGroup;
			children = (
				4ED2BD951CD088F0001577B2 /* Info.plist */,
			);
			name = "Supporting Files";
			sourceTree = "<group>";
		};
/* End PBXGroup section */

/* Begin PBXNativeTarget section */
		4ED2BD761CD088EF001577B2 /* 222 */ = {
			isa = PBXNativeTarget;
			buildConfigurationList = 4ED2BD9A1CD088F0001577B2 /* Build configuration list for PBXNativeTarget "222" */;
			buildPhases = (
				4ED2BD731CD088EF001577B2 /* Sources */,
				4ED2BD741CD088EF001577B2 /* Frameworks */,
				4ED2BD751CD088EF001577B2 /* Resources */,
			);
			buildRules = (
			);
			dependencies = (
			);
			name = 222;
			productName = 222;
			productReference = 4ED2BD771CD088EF001577B2 /* 222.app */;
			productType = "com.apple.product-type.application";
		};
		4ED2BD8F1CD088F0001577B2 /* 222Tests */ = {
			isa = PBXNativeTarget;
			buildConfigurationList = 4ED2BD9D1CD088F0001577B2 /* Build configuration list for PBXNativeTarget "222Tests" */;
			buildPhases = (
				4ED2BD8C1CD088F0001577B2 /* Sources */,
				4ED2BD8D1CD088F0001577B2 /* Frameworks */,
				4ED2BD8E1CD088F0001577B2 /* Resources */,
			);
			buildRules = (
			);
			dependencies = (
				4ED2BD921CD088F0001577B2 /* PBXTargetDependency */,
			);
			name = 222Tests;
			productName = 222Tests;
			productReference = 4ED2BD901CD088F0001577B2 /* 222Tests.xctest */;
			productType = "com.apple.product-type.bundle.unit-test";
		};
/* End PBXNativeTarget section */

/* Begin PBXProject section */
		4ED2BD6F1CD088EF001577B2 /* Project object */ = {
			isa = PBXProject;
			attributes = {
				LastUpgradeCheck = 0600;
				ORGANIZATIONNAME = MS;
				TargetAttributes = {
					4ED2BD761CD088EF001577B2 = {
						CreatedOnToolsVersion = 6.0.1;
					};
					4ED2BD8F1CD088F0001577B2 = {
						CreatedOnToolsVersion = 6.0.1;
						TestTargetID = 4ED2BD761CD088EF001577B2;
					};
				};
			};
			buildConfigurationList = 4ED2BD721CD088EF001577B2 /* Build configuration list for PBXProject "222" */;
			compatibilityVersion = "Xcode 3.2";
			developmentRegion = English;
			hasScannedForEncodings = 0;
			knownRegions = (
				en,
				Base,
			);
			mainGroup = 4ED2BD6E1CD088EF001577B2;
			productRefGroup = 4ED2BD781CD088EF001577B2 /* Products */;
			projectDirPath = "";
			projectRoot = "";
			targets = (
				4ED2BD761CD088EF001577B2 /* 222 */,
				4ED2BD8F1CD088F0001577B2 /* 222Tests */,
			);
		};
/* End PBXProject section */

/* Begin PBXResourcesBuildPhase section */
		4ED2BD751CD088EF001577B2 /* Resources */ = {
			isa = PBXResourcesBuildPhase;
			buildActionMask = 2147483647;
			files = (
				4ED2BD861CD088EF001577B2 /* Main.storyboard in Resources */,
				4ED2BD8B1CD088EF001577B2 /* LaunchScreen.xib in Resources */,
				4ED2BD881CD088EF001577B2 /* Images.xcassets in Resources */,
			);
			runOnlyForDeploymentPostprocessing = 0;
		};
		4ED2BD8E1CD088F0001577B2 /* Resources */ = {
			isa = PBXResourcesBuildPhase;
			buildActionMask = 2147483647;
			files = (
			);
			runOnlyForDeploymentPostprocessing = 0;
		};
/* End PBXResourcesBuildPhase section */

/* Begin PBXSourcesBuildPhase section */
		4ED2BD731CD088EF001577B2 /* Sources */ = {
			isa = PBXSourcesBuildPhase;
			buildActionMask = 2147483647;
			files = (
				4ED2BDA21CD089B2001577B2 /* ViewController.m in Sources */,
				4ED2BD801CD088EF001577B2 /* AppDelegate.m in Sources */,
				4ED2BDA51CD089BB001577B2 /* wwwwViewController.m in Sources */,
				4ED2BD7D1CD088EF001577B2 /* main.m in Sources */,
			);
			runOnlyForDeploymentPostprocessing = 0;
		};
		4ED2BD8C1CD088F0001577B2 /* Sources */ = {
			isa = PBXSourcesBuildPhase;
			buildActionMask = 2147483647;
			files = (
				4ED2BD971CD088F0001577B2 /* _22Tests.m in Sources */,
			);
			runOnlyForDeploymentPostprocessing = 0;
		};
/* End PBXSourcesBuildPhase section */

/* Begin PBXTargetDependency section */
		4ED2BD921CD088F0001577B2 /* PBXTargetDependency */ = {
			isa = PBXTargetDependency;
			target = 4ED2BD761CD088EF001577B2 /* 222 */;
			targetProxy = 4ED2BD911CD088F0001577B2 /* PBXContainerItemProxy */;
		};
/* End PBXTargetDependency section */

/* Begin PBXVariantGroup section */
		4ED2BD841CD088EF001577B2 /* Main.storyboard */ = {
			isa = PBXVariantGroup;
			children = (
				4ED2BD851CD088EF001577B2 /* Base */,
			);
			name = Main.storyboard;
			sourceTree = "<group>";
		};
		4ED2BD891CD088EF001577B2 /* LaunchScreen.xib */ = {
			isa = PBXVariantGroup;
			children = (
				4ED2BD8A1CD088EF001577B2 /* Base */,
			);
			name = LaunchScreen.xib;
			sourceTree = "<group>";
		};
/* End PBXVariantGroup section */

/* Begin XCBuildConfiguration section */
		4ED2BD981CD088F0001577B2 /* Debug */ = {
			isa = XCBuildConfiguration;
			buildSettings = {
				ALWAYS_SEARCH_USER_PATHS = NO;
				CLANG_CXX_LANGUAGE_STANDARD = "gnu++0x";
				CLANG_CXX_LIBRARY = "libc++";
				CLANG_ENABLE_MODULES = YES;
				CLANG_ENABLE_OBJC_ARC = YES;
				CLANG_WARN_BOOL_CONVERSION = YES;
				CLANG_WARN_CONSTANT_CONVERSION = YES;
				CLANG_WARN_DIRECT_OBJC_ISA_USAGE = YES_ERROR;
				CLANG_WARN_EMPTY_BODY = YES;
				CLANG_WARN_ENUM_CONVERSION = YES;
				CLANG_WARN_INT_CONVERSION = YES;
				CLANG_WARN_OBJC_ROOT_CLASS = YES_ERROR;
				CLANG_WARN_UNREACHABLE_CODE = YES;
				CLANG_WARN__DUPLICATE_METHOD_MATCH = YES;
				"CODE_SIGN_IDENTITY[sdk=iphoneos*]" = "iPhone Developer";
				COPY_PHASE_STRIP = NO;
				ENABLE_STRICT_OBJC_MSGSEND = YES;
				GCC_C_LANGUAGE_STANDARD = gnu99;
				GCC_DYNAMIC_NO_PIC = NO;
				GCC_OPTIMIZATION_LEVEL = 0;
				GCC_PREPROCESSOR_DEFINITIONS = (
					"DEBUG=1",
					"$(inherited)",
				);
				GCC_SYMBOLS_PRIVATE_EXTERN = NO;
				GCC_WARN_64_TO_32_BIT_CONVERSION = YES;
				GCC_WARN_ABOUT_RETURN_TYPE = YES_ERROR;
				GCC_WARN_UNDECLARED_SELECTOR = YES;
				GCC_WARN_UNINITIALIZED_AUTOS = YES_AGGRESSIVE;
				GCC_WARN_UNUSED_FUNCTION = YES;
				GCC_WARN_UNUSED_VARIABLE = YES;
				IPHONEOS_DEPLOYMENT_TARGET = 8.0;
				MTL_ENABLE_DEBUG_INFO = YES;
				ONLY_ACTIVE_ARCH = YES;
				SDKROOT = iphoneos;
			};
			name = Debug;
		};
		4ED2BD991CD088F0001577B2 /* Release */ = {
			isa = XCBuildConfiguration;
			buildSettings = {
				ALWAYS_SEARCH_USER_PATHS = NO;
				CLANG_CXX_LANGUAGE_STANDARD = "gnu++0x";
				CLANG_CXX_LIBRARY = "libc++";
				CLANG_ENABLE_MODULES = YES;
				CLANG_ENABLE_OBJC_ARC = YES;
				CLANG_WARN_BOOL_CONVERSION = YES;
				CLANG_WARN_CONSTANT_CONVERSION = YES;
				CLANG_WARN_DIRECT_OBJC_ISA_USAGE = YES_ERROR;
				CLANG_WARN_EMPTY_BODY = YES;
				CLANG_WARN_ENUM_CONVERSION = YES;
				CLANG_WARN_INT_CONVERSION = YES;
				CLANG_WARN_OBJC_ROOT_CLASS = YES_ERROR;
				CLANG_WARN_UNREACHABLE_CODE = YES;
				CLANG_WARN__DUPLICATE_METHOD_MATCH = YES;
				"CODE_SIGN_IDENTITY[sdk=iphoneos*]" = "iPhone Developer";
				COPY_PHASE_STRIP = YES;
				ENABLE_NS_ASSERTIONS = NO;
				ENABLE_STRICT_OBJC_MSGSEND = YES;
				GCC_C_LANGUAGE_STANDARD = gnu99;
				GCC_WARN_64_TO_32_BIT_CONVERSION = YES;
				GCC_WARN_ABOUT_RETURN_TYPE = YES_ERROR;
				GCC_WARN_UNDECLARED_SELECTOR = YES;
				GCC_WARN_UNINITIALIZED_AUTOS = YES_AGGRESSIVE;
				GCC_WARN_UNUSED_FUNCTION = YES;
				GCC_WARN_UNUSED_VARIABLE = YES;
				IPHONEOS_DEPLOYMENT_TARGET = 8.0;
				MTL_ENABLE_DEBUG_INFO = NO;
				SDKROOT = iphoneos;
				VALIDATE_PRODUCT = YES;
			};
			name = Release;
		};
		4ED2BD9B1CD088F0001577B2 /* Debug */ = {
			isa = XCBuildConfiguration;
			buildSettings = {
				ASSETCATALOG_COMPILER_APPICON_NAME = AppIcon;
				INFOPLIST_FILE = 222/Info.plist;
				LD_RUNPATH_SEARCH_PATHS = "$(inherited) @executable_path/Frameworks";
				PRODUCT_NAME = "$(TARGET_NAME)";
			};
			name = Debug;
		};
		4ED2BD9C1CD088F0001577B2 /* Release */ = {
			isa = XCBuildConfiguration;
			buildSettings = {
				ASSETCATALOG_COMPILER_APPICON_NAME = AppIcon;
				INFOPLIST_FILE = 222/Info.plist;
				LD_RUNPATH_SEARCH_PATHS = "$(inherited) @executable_path/Frameworks";
				PRODUCT_NAME = "$(TARGET_NAME)";
			};
			name = Release;
		};
		4ED2BD9E1CD088F0001577B2 /* Debug */ = {
			isa = XCBuildConfiguration;
			buildSettings = {
				BUNDLE_LOADER = "$(TEST_HOST)";
				FRAMEWORK_SEARCH_PATHS = (
					"$(SDKROOT)/Developer/Library/Frameworks",
					"$(inherited)",
				);
				GCC_PREPROCESSOR_DEFINITIONS = (
					"DEBUG=1",
					"$(inherited)",
				);
				INFOPLIST_FILE = 222Tests/Info.plist;
				LD_RUNPATH_SEARCH_PATHS = "$(inherited) @executable_path/Frameworks @loader_path/Frameworks";
				PRODUCT_NAME = "$(TARGET_NAME)";
				TEST_HOST = "$(BUILT_PRODUCTS_DIR)/222.app/222";
			};
			name = Debug;
		};
		4ED2BD9F1CD088F0001577B2 /* Release */ = {
			isa = XCBuildConfiguration;
			buildSettings = {
				BUNDLE_LOADER = "$(TEST_HOST)";
				FRAMEWORK_SEARCH_PATHS = (
					"$(SDKROOT)/Developer/Library/Frameworks",
					"$(inherited)",
				);
				INFOPLIST_FILE = 222Tests/Info.plist;
				LD_RUNPATH_SEARCH_PATHS = "$(inherited) @executable_path/Frameworks @loader_path/Frameworks";
				PRODUCT_NAME = "$(TARGET_NAME)";
				TEST_HOST = "$(BUILT_PRODUCTS_DIR)/222.app/222";
			};
			name = Release;
		};
/* End XCBuildConfiguration section */

/* Begin XCConfigurationList section */
		4ED2BD721CD088EF001577B2 /* Build configuration list for PBXProject "222" */ = {
			isa = XCConfigurationList;
			buildConfigurations = (
				4ED2BD981CD088F0001577B2 /* Debug */,
				4ED2BD991CD088F0001577B2 /* Release */,
			);
			defaultConfigurationIsVisible = 0;
			defaultConfigurationName = Release;
		};
		4ED2BD9A1CD088F0001577B2 /* Build configuration list for PBXNativeTarget "222" */ = {
			isa = XCConfigurationList;
			buildConfigurations = (
				4ED2BD9B1CD088F0001577B2 /* Debug */,
				4ED2BD9C1CD088F0001577B2 /* Release */,
			);
			defaultConfigurationIsVisible = 0;
			defaultConfigurationName = Release;
		};
		4ED2BD9D1CD088F0001577B2 /* Build configuration list for PBXNativeTarget "222Tests" */ = {
			isa = XCConfigurationList;
			buildConfigurations = (
				4ED2BD9E1CD088F0001577B2 /* Debug */,
				4ED2BD9F1CD088F0001577B2 /* Release */,
			);
			defaultConfigurationIsVisible = 0;
			defaultConfigurationName = Release;
		};
/* End XCConfigurationList section */
	};
	rootObject = 4ED2BD6F1CD088EF001577B2 /* Project object */;
}
